// !$*UTF8*$!
{
	archiveVersion = 1;
	classes = {
	};
	objectVersion = 50;
	objects = {

/* Begin PBXBuildFile section */
		7622E4232589A641006E4CB5 /* AppDelegate.swift in Sources */ = {isa = PBXBuildFile; fileRef = 7622E4222589A641006E4CB5 /* AppDelegate.swift */; };
		7622E4252589A641006E4CB5 /* SceneDelegate.swift in Sources */ = {isa = PBXBuildFile; fileRef = 7622E4242589A641006E4CB5 /* SceneDelegate.swift */; };
		7622E4272589A641006E4CB5 /* ViewController.swift in Sources */ = {isa = PBXBuildFile; fileRef = 7622E4262589A641006E4CB5 /* ViewController.swift */; };
		7622E42A2589A641006E4CB5 /* Main.storyboard in Resources */ = {isa = PBXBuildFile; fileRef = 7622E4282589A641006E4CB5 /* Main.storyboard */; };
		7622E42C2589A644006E4CB5 /* Assets.xcassets in Resources */ = {isa = PBXBuildFile; fileRef = 7622E42B2589A644006E4CB5 /* Assets.xcassets */; };
		7622E42F2589A644006E4CB5 /* LaunchScreen.storyboard in Resources */ = {isa = PBXBuildFile; fileRef = 7622E42D2589A644006E4CB5 /* LaunchScreen.storyboard */; };
/* End PBXBuildFile section */

/* Begin PBXFileReference section */
		7622E41F2589A641006E4CB5 /* storyboard_Audio.app */ = {isa = PBXFileReference; explicitFileType = wrapper.application; includeInIndex = 0; path = storyboard_Audio.app; sourceTree = BUILT_PRODUCTS_DIR; };
		7622E4222589A641006E4CB5 /* AppDelegate.swift */ = {isa = PBXFileReference; lastKnownFileType = sourcecode.swift; path = AppDelegate.swift; sourceTree = "<group>"; };
		7622E4242589A641006E4CB5 /* SceneDelegate.swift */ = {isa = PBXFileReference; lastKnownFileType = sourcecode.swift; path = SceneDelegate.swift; sourceTree = "<group>"; };
		7622E4262589A641006E4CB5 /* ViewController.swift */ = {isa = PBXFileReference; lastKnownFileType = sourcecode.swift; path = ViewController.swift; sourceTree = "<group>"; };
		7622E4292589A641006E4CB5 /* Base */ = {isa = PBXFileReference; lastKnownFileType = file.storyboard; name = Base; path = Base.lproj/Main.storyboard; sourceTree = "<group>"; };
		7622E42B2589A644006E4CB5 /* Assets.xcassets */ = {isa = PBXFileReference; lastKnownFileType = folder.assetcatalog; path = Assets.xcassets; sourceTree = "<group>"; };
		7622E42E2589A644006E4CB5 /* Base */ = {isa = PBXFileReference; lastKnownFileType = file.storyboard; name = Base; path = Base.lproj/LaunchScreen.storyboard; sourceTree = "<group>"; };
		7622E4302589A644006E4CB5 /* Info.plist */ = {isa = PBXFileReference; lastKnownFileType = text.plist.xml; path = Info.plist; sourceTree = "<group>"; };
/* End PBXFileReference section */

/* Begin PBXFrameworksBuildPhase section */
		7622E41C2589A641006E4CB5 /* Frameworks */ = {
			isa = PBXFrameworksBuildPhase;
			buildActionMask = 2147483647;
			files = (
			);
			runOnlyForDeploymentPostprocessing = 0;
		};
/* End PBXFrameworksBuildPhase section */

/* Begin PBXGroup section */
		7622E4162589A641006E4CB5 = {
			isa = PBXGroup;
			children = (
				7622E4212589A641006E4CB5 /* storyboard_Audio */,
				7622E4202589A641006E4CB5 /* Products */,
			);
			sourceTree = "<group>";
		};
		7622E4202589A641006E4CB5 /* Products */ = {
			isa = PBXGroup;
			children = (
				7622E41F2589A641006E4CB5 /* storyboard_Audio.app */,
			);
			name = Products;
			sourceTree = "<group>";
		};
		7622E4212589A641006E4CB5 /* storyboard_Audio */ = {
			isa = PBXGroup;
			children = (
				7622E4222589A641006E4CB5 /* AppDelegate.swift */,
				7622E4242589A641006E4CB5 /* SceneDelegate.swift */,
				7622E4262589A641006E4CB5 /* ViewController.swift */,
				7622E4282589A641006E4CB5 /* Main.storyboard */,
				7622E42B2589A644006E4CB5 /* Assets.xcassets */,
				7622E42D2589A644006E4CB5 /* LaunchScreen.storyboard */,
				7622E4302589A644006E4CB5 /* Info.plist */,
			);
			path = storyboard_Audio;
			sourceTree = "<group>";
		};
/* End PBXGroup section */

/* Begin PBXNativeTarget section */
		7622E41E2589A641006E4CB5 /* storyboard_Audio */ = {
			isa = PBXNativeTarget;
			buildConfigurationList = 7622E4332589A644006E4CB5 /* Build configuration list for PBXNativeTarget "storyboard_Audio" */;
			buildPhases = (
				7622E41B2589A641006E4CB5 /* Sources */,
				7622E41C2589A641006E4CB5 /* Frameworks */,
				7622E41D2589A641006E4CB5 /* Resources */,
			);
			buildRules = (
			);
			dependencies = (
			);
			name = storyboard_Audio;
			productName = storyboard_Audio;
			productReference = 7622E41F2589A641006E4CB5 /* storyboard_Audio.app */;
			productType = "com.apple.product-type.application";
		};
/* End PBXNativeTarget section */

/* Begin PBXProject section */
		7622E4172589A641006E4CB5 /* Project object */ = {
			isa = PBXProject;
			attributes = {
				LastSwiftUpdateCheck = 1230;
				LastUpgradeCheck = 1230;
				TargetAttributes = {
					7622E41E2589A641006E4CB5 = {
						CreatedOnToolsVersion = 12.3;
					};
				};
			};
			buildConfigurationList = 7622E41A2589A641006E4CB5 /* Build configuration list for PBXProject "storyboard_Audio" */;
			compatibilityVersion = "Xcode 9.3";
			developmentRegion = en;
			hasScannedForEncodings = 0;
			knownRegions = (
				en,
				Base,
			);
			mainGroup = 7622E4162589A641006E4CB5;
			productRefGroup = 7622E4202589A641006E4CB5 /* Products */;
			projectDirPath = "";
			projectRoot = "";
			targets = (
				7622E41E2589A641006E4CB5 /* storyboard_Audio */,
			);
		};
/* End PBXProject section */

/* Begin PBXResourcesBuildPhase section */
		7622E41D2589A641006E4CB5 /* Resources */ = {
			isa = PBXResourcesBuildPhase;
			buildActionMask = 2147483647;
			files = (
				7622E42F2589A644006E4CB5 /* LaunchScreen.storyboard in Resources */,
				7622E42C2589A644006E4CB5 /* Assets.xcassets in Resources */,
				7622E42A2589A641006E4CB5 /* Main.storyboard in Resources */,
			);
			runOnlyForDeploymentPostprocessing = 0;
		};
/* End PBXResourcesBuildPhase section */

/* Begin PBXSourcesBuildPhase section */
		7622E41B2589A641006E4CB5 /* Sources */ = {
			isa = PBXSourcesBuildPhase;
			buildActionMask = 2147483647;
			files = (
				7622E4272589A641006E4CB5 /* ViewController.swift in Sources */,
				7622E4232589A641006E4CB5 /* AppDelegate.swift in Sources */,
				7622E4252589A641006E4CB5 /* SceneDelegate.swift in Sources */,
			);
			runOnlyForDeploymentPostprocessing = 0;
		};
/* End PBXSourcesBuildPhase section */

/* Begin PBXVariantGroup section */
		7622E4282589A641006E4CB5 /* Main.storyboard */ = {
			isa = PBXVariantGroup;
			children = (
				7622E4292589A641006E4CB5 /* Base */,
			);
			name = Main.storyboard;
			sourceTree = "<group>";
		};
		7622E42D2589A644006E4CB5 /* LaunchScreen.storyboard */ = {
			isa = PBXVariantGroup;
			children = (
				7622E42E2589A644006E4CB5 /* Base */,
			);
			name = LaunchScreen.storyboard;
			sourceTree = "<group>";
		};
/* End PBXVariantGroup section */

/* Begin XCBuildConfiguration section */
		7622E4312589A644006E4CB5 /* Debug */ = {
			isa = XCBuildConfiguration;
			buildSettings = {
				ALWAYS_SEARCH_USER_PATHS = NO;
				CLANG_ANALYZER_NONNULL = YES;
				CLANG_ANALYZER_NUMBER_OBJECT_CONVERSION = YES_AGGRESSIVE;
				CLANG_CXX_LANGUAGE_STANDARD = "gnu++14";
				CLANG_CXX_LIBRARY = "libc++";
				CLANG_ENABLE_MODULES = YES;
				CLANG_ENABLE_OBJC_ARC = YES;
				CLANG_ENABLE_OBJC_WEAK = YES;
				CLANG_WARN_BLOCK_CAPTURE_AUTORELEASING = YES;
				CLANG_WARN_BOOL_CONVERSION = YES;
				CLANG_WARN_COMMA = YES;
				CLANG_WARN_CONSTANT_CONVERSION = YES;
				CLANG_WARN_DEPRECATED_OBJC_IMPLEMENTATIONS = YES;
				CLANG_WARN_DIRECT_OBJC_ISA_USAGE = YES_ERROR;
				CLANG_WARN_DOCUMENTATION_COMMENTS = YES;
				CLANG_WARN_EMPTY_BODY = YES;
				CLANG_WARN_ENUM_CONVERSION = YES;
				CLANG_WARN_INFINITE_RECURSION = YES;
				CLANG_WARN_INT_CONVERSION = YES;
				CLANG_WARN_NON_LITERAL_NULL_CONVERSION = YES;
				CLANG_WARN_OBJC_IMPLICIT_RETAIN_SELF = YES;
				CLANG_WARN_OBJC_LITERAL_CONVERSION = YES;
				CLANG_WARN_OBJC_ROOT_CLASS = YES_ERROR;
				CLANG_WARN_QUOTED_INCLUDE_IN_FRAMEWORK_HEADER = YES;
				CLANG_WARN_RANGE_LOOP_ANALYSIS = YES;
				CLANG_WARN_STRICT_PROTOTYPES = YES;
				CLANG_WARN_SUSPICIOUS_MOVE = YES;
				CLANG_WARN_UNGUARDED_AVAILABILITY = YES_AGGRESSIVE;
				CLANG_WARN_UNREACHABLE_CODE = YES;
				CLANG_WARN__DUPLICATE_METHOD_MATCH = YES;
				COPY_PHASE_STRIP = NO;
				DEBUG_INFORMATION_FORMAT = dwarf;
				ENABLE_STRICT_OBJC_MSGSEND = YES;
				ENABLE_TESTABILITY = YES;
				GCC_C_LANGUAGE_STANDARD = gnu11;
				GCC_DYNAMIC_NO_PIC = NO;
				GCC_NO_COMMON_BLOCKS = YES;
				GCC_OPTIMIZATION_LEVEL = 0;
				GCC_PREPROCESSOR_DEFINITIONS = (
					"DEBUG=1",
					"$(inherited)",
				);
				GCC_WARN_64_TO_32_BIT_CONVERSION = YES;
				GCC_WARN_ABOUT_RETURN_TYPE = YES_ERROR;
				GCC_WARN_UNDECLARED_SELECTOR = YES;
				GCC_WARN_UNINITIALIZED_AUTOS = YES_AGGRESSIVE;
				GCC_WARN_UNUSED_FUNCTION = YES;
				GCC_WARN_UNUSED_VARIABLE = YES;
				IPHONEOS_DEPLOYMENT_TARGET = 14.3;
				MTL_ENABLE_DEBUG_INFO = INCLUDE_SOURCE;
				MTL_FAST_MATH = YES;
				ONLY_ACTIVE_ARCH = YES;
				SDKROOT = iphoneos;
				SWIFT_ACTIVE_COMPILATION_CONDITIONS = DEBUG;
				SWIFT_OPTIMIZATION_LEVEL = "-Onone";
			};
			name = Debug;
		};
		7622E4322589A644006E4CB5 /* Release */ = {
			isa = XCBuildConfiguration;
			buildSettings = {
				ALWAYS_SEARCH_USER_PATHS = NO;
				CLANG_ANALYZER_NONNULL = YES;
				CLANG_ANALYZER_NUMBER_OBJECT_CONVERSION = YES_AGGRESSIVE;
				CLANG_CXX_LANGUAGE_STANDARD = "gnu++14";
				CLANG_CXX_LIBRARY = "libc++";
				CLANG_ENABLE_MODULES = YES;
				CLANG_ENABLE_OBJC_ARC = YES;
				CLANG_ENABLE_OBJC_WEAK = YES;
				CLANG_WARN_BLOCK_CAPTURE_AUTORELEASING = YES;
				CLANG_WARN_BOOL_CONVERSION = YES;
				CLANG_WARN_COMMA = YES;
				CLANG_WARN_CONSTANT_CONVERSION = YES;
				CLANG_WARN_DEPRECATED_OBJC_IMPLEMENTATIONS = YES;
				CLANG_WARN_DIRECT_OBJC_ISA_USAGE = YES_ERROR;
				CLANG_WARN_DOCUMENTATION_COMMENTS = YES;
				CLANG_WARN_EMPTY_BODY = YES;
				CLANG_WARN_ENUM_CONVERSION = YES;
				CLANG_WARN_INFINITE_RECURSION = YES;
				CLANG_WARN_INT_CONVERSION = YES;
				CLANG_WARN_NON_LITERAL_NULL_CONVERSION = YES;
				CLANG_WARN_OBJC_IMPLICIT_RETAIN_SELF = YES;
				CLANG_WARN_OBJC_LITERAL_CONVERSION = YES;
				CLANG_WARN_OBJC_ROOT_CLASS = YES_ERROR;
				CLANG_WARN_QUOTED_INCLUDE_IN_FRAMEWORK_HEADER = YES;
				CLANG_WARN_RANGE_LOOP_ANALYSIS = YES;
				CLANG_WARN_STRICT_PROTOTYPES = YES;
				CLANG_WARN_SUSPICIOUS_MOVE = YES;
				CLANG_WARN_UNGUARDED_AVAILABILITY = YES_AGGRESSIVE;
				CLANG_WARN_UNREACHABLE_CODE = YES;
				CLANG_WARN__DUPLICATE_METHOD_MATCH = YES;
				COPY_PHASE_STRIP = NO;
				DEBUG_INFORMATION_FORMAT = "dwarf-with-dsym";
				ENABLE_NS_ASSERTIONS = NO;
				ENABLE_STRICT_OBJC_MSGSEND = YES;
				GCC_C_LANGUAGE_STANDARD = gnu11;
				GCC_NO_COMMON_BLOCKS = YES;
				GCC_WARN_64_TO_32_BIT_CONVERSION = YES;
				GCC_WARN_ABOUT_RETURN_TYPE = YES_ERROR;
				GCC_WARN_UNDECLARED_SELECTOR = YES;
				GCC_WARN_UNINITIALIZED_AUTOS = YES_AGGRESSIVE;
				GCC_WARN_UNUSED_FUNCTION = YES;
				GCC_WARN_UNUSED_VARIABLE = YES;
				IPHONEOS_DEPLOYMENT_TARGET = 14.3;
				MTL_ENABLE_DEBUG_INFO = NO;
				MTL_FAST_MATH = YES;
				SDKROOT = iphoneos;
				SWIFT_COMPILATION_MODE = wholemodule;
				SWIFT_OPTIMIZATION_LEVEL = "-O";
				VALIDATE_PRODUCT = YES;
			};
			name = Release;
		};
		7622E4342589A644006E4CB5 /* Debug */ = {
			isa = XCBuildConfiguration;
			buildSettings = {
				ASSETCATALOG_COMPILER_APPICON_NAME = AppIcon;
				ASSETCATALOG_COMPILER_GLOBAL_ACCENT_COLOR_NAME = AccentColor;
				CODE_SIGN_STYLE = Automatic;
				DEVELOPMENT_TEAM = WLM5288XUV;
				INFOPLIST_FILE = storyboard_Audio/Info.plist;
				LD_RUNPATH_SEARCH_PATHS = (
					"$(inherited)",
					"@executable_path/Frameworks",
				);
				PRODUCT_BUNDLE_IDENTIFIER = "com.opentidecn.subwayapp.storyboard-Audio";
				PRODUCT_NAME = "$(TARGET_NAME)";
				SWIFT_VERSION = 5.0;
				TARGETED_DEVICE_FAMILY = "1,2";
			};
			name = Debug;
		};
		7622E4352589A644006E4CB5 /* Release */ = {
			isa = XCBuildConfiguration;
			buildSettings = {
				ASSETCATALOG_COMPILER_APPICON_NAME = AppIcon;
				ASSETCATALOG_COMPILER_GLOBAL_ACCENT_COLOR_NAME = AccentColor;
				CODE_SIGN_STYLE = Automatic;
				DEVELOPMENT_TEAM = WLM5288XUV;
				INFOPLIST_FILE = storyboard_Audio/Info.plist;
				LD_RUNPATH_SEARCH_PATHS = (
					"$(inherited)",
					"@executable_path/Frameworks",
				);
				PRODUCT_BUNDLE_IDENTIFIER = "com.opentidecn.subwayapp.storyboard-Audio";
				PRODUCT_NAME = "$(TARGET_NAME)";
				SWIFT_VERSION = 5.0;
				TARGETED_DEVICE_FAMILY = "1,2";
			};
			name = Release;
		};
/* End XCBuildConfiguration section */

/* Begin XCConfigurationList section */
		7622E41A2589A641006E4CB5 /* Build configuration list for PBXProject "storyboard_Audio" */ = {
			isa = XCConfigurationList;
			buildConfigurations = (
				7622E4312589A644006E4CB5 /* Debug */,
				7622E4322589A644006E4CB5 /* Release */,
			);
			defaultConfigurationIsVisible = 0;
			defaultConfigurationName = Release;
		};
		7622E4332589A644006E4CB5 /* Build configuration list for PBXNativeTarget "storyboard_Audio" */ = {
			isa = XCConfigurationList;
			buildConfigurations = (
				7622E4342589A644006E4CB5 /* Debug */,
				7622E4352589A644006E4CB5 /* Release */,
			);
			defaultConfigurationIsVisible = 0;
			defaultConfigurationName = Release;
		};
/* End XCConfigurationList section */
	};
	rootObject = 7622E4172589A641006E4CB5 /* Project object */;
}
